{
  "name": "kafkatest",
  "version": "1.0.0",
  "lockfileVersion": 2,
  "requires": true,
  "packages": {
    "": {
      "name": "kafkatest",
      "version": "1.0.0",
      "license": "ISC",
      "dependencies": {
        "avsc": "^5.7.7",
        "kafkajs": "^2.2.3"
      }
    },
    "node_modules/avsc": {
      "version": "5.7.7",
      "resolved": "https://registry.npmjs.org/avsc/-/avsc-5.7.7.tgz",
      "integrity": "sha512-9cYNccliXZDByFsFliVwk5GvTq058Fj513CiR4E60ndDwmuXzTJEp/Bp8FyuRmGyYupLjHLs+JA9/CBoVS4/NQ==",
      "engines": {
        "node": ">=0.11"
      }
    },
    "node_modules/kafkajs": {
      "version": "2.2.3",
      "resolved": "https://registry.npmjs.org/kafkajs/-/kafkajs-2.2.3.tgz",
      "integrity": "sha512-JmzIiLHE/TdQ7b4I2B/DNMtfhTh66fmEaEg7gGkyQXBC6f1A7I2jSjeUsVIJfC8d9YcEIURyBjtOEKBO5OHVhg==",
      "engines": {
        "node": ">=14.0.0"
      }
    }
  },
  "dependencies": {
    "avsc": {
      "version": "5.7.7",
      "resolved": "https://registry.npmjs.org/avsc/-/avsc-5.7.7.tgz",
      "integrity": "sha512-9cYNccliXZDByFsFliVwk5GvTq058Fj513CiR4E60ndDwmuXzTJEp/Bp8FyuRmGyYupLjHLs+JA9/CBoVS4/NQ=="
    },
    "kafkajs": {
      "version": "2.2.3",
      "resolved": "https://registry.npmjs.org/kafkajs/-/kafkajs-2.2.3.tgz",
      "integrity": "sha512-JmzIiLHE/TdQ7b4I2B/DNMtfhTh66fmEaEg7gGkyQXBC6f1A7I2jSjeUsVIJfC8d9YcEIURyBjtOEKBO5OHVhg=="
    }
  }
}
